// !$*UTF8*$!
{
	archiveVersion = 1;
	classes = {
	};
	objectVersion = 60;
	objects = {

/* Begin PBXBuildFile section */
		8851E8E52C7E34ED00044FFE /* AppCoordinator.swift in Sources */ = {isa = PBXBuildFile; fileRef = 88D83E8F2C7D3836002A2BE9 /* AppCoordinator.swift */; };
		8851E8E62C7E34EF00044FFE /* AppFlow.swift in Sources */ = {isa = PBXBuildFile; fileRef = 88D83E8C2C7D36B4002A2BE9 /* AppFlow.swift */; };
		885D121E2C7FAF49005D934C /* String+Regex.swift in Sources */ = {isa = PBXBuildFile; fileRef = 885D121D2C7FAF49005D934C /* String+Regex.swift */; };
		885D12232C7FC9C4005D934C /* SearchRegexTests.swift in Sources */ = {isa = PBXBuildFile; fileRef = 885D12222C7FC9C4005D934C /* SearchRegexTests.swift */; };
		885D122B2C7FE73E005D934C /* ConfigTemplate.plist in Resources */ = {isa = PBXBuildFile; fileRef = 885D122A2C7FE73E005D934C /* ConfigTemplate.plist */; };
		885D122D2C7FE7E6005D934C /* Config.plist in Resources */ = {isa = PBXBuildFile; fileRef = 885D122C2C7FE7E6005D934C /* Config.plist */; };
		885D12322C7FE88E005D934C /* CityDTO.swift in Sources */ = {isa = PBXBuildFile; fileRef = 885D122F2C7FE88E005D934C /* CityDTO.swift */; };
		885D12352C80BF4A005D934C /* APIService.swift in Sources */ = {isa = PBXBuildFile; fileRef = 885D12342C80BF4A005D934C /* APIService.swift */; };
		885D12372C80BF51005D934C /* DefaultAPIService.swift in Sources */ = {isa = PBXBuildFile; fileRef = 885D12362C80BF51005D934C /* DefaultAPIService.swift */; };
		885D123A2C80DDBF005D934C /* ConfigKeys.swift in Sources */ = {isa = PBXBuildFile; fileRef = 885D12392C80DDBE005D934C /* ConfigKeys.swift */; };
		885D123D2C80EFD4005D934C /* City.swift in Sources */ = {isa = PBXBuildFile; fileRef = 885D123C2C80EFD4005D934C /* City.swift */; };
		885D123F2C80EFEC005D934C /* DtoToDomainMapper.swift in Sources */ = {isa = PBXBuildFile; fileRef = 885D123E2C80EFEC005D934C /* DtoToDomainMapper.swift */; };
		885D12482C810489005D934C /* SearchCityModel.swift in Sources */ = {isa = PBXBuildFile; fileRef = 885D12472C810489005D934C /* SearchCityModel.swift */; };
		885D124A2C810492005D934C /* DefaultSearchCityModel.swift in Sources */ = {isa = PBXBuildFile; fileRef = 885D12492C810492005D934C /* DefaultSearchCityModel.swift */; };
		885D124C2C8105D6005D934C /* SearchCityViewModel.swift in Sources */ = {isa = PBXBuildFile; fileRef = 885D124B2C8105D6005D934C /* SearchCityViewModel.swift */; };
		885D124E2C8105DF005D934C /* DefaultSearchCityViewModel.swift in Sources */ = {isa = PBXBuildFile; fileRef = 885D124D2C8105DF005D934C /* DefaultSearchCityViewModel.swift */; };
		885D12542C813712005D934C /* SearchCityRouter.swift in Sources */ = {isa = PBXBuildFile; fileRef = 885D12532C813712005D934C /* SearchCityRouter.swift */; };
		885D12562C81371B005D934C /* DefaultSearchCityRouter.swift in Sources */ = {isa = PBXBuildFile; fileRef = 885D12552C81371B005D934C /* DefaultSearchCityRouter.swift */; };
		885D125C2C813DCB005D934C /* CityWeatherScreen.swift in Sources */ = {isa = PBXBuildFile; fileRef = 885D125B2C813DCB005D934C /* CityWeatherScreen.swift */; };
		885D125E2C813EB4005D934C /* CityWeatherModel.swift in Sources */ = {isa = PBXBuildFile; fileRef = 885D125D2C813EB4005D934C /* CityWeatherModel.swift */; };
		885D12602C81414E005D934C /* DefaultCityWeatherModel.swift in Sources */ = {isa = PBXBuildFile; fileRef = 885D125F2C81414E005D934C /* DefaultCityWeatherModel.swift */; };
		885D12622C814169005D934C /* CityWeatherViewModel.swift in Sources */ = {isa = PBXBuildFile; fileRef = 885D12612C814169005D934C /* CityWeatherViewModel.swift */; };
		885D12642C81417D005D934C /* DefaultCityWeatherViewModel.swift in Sources */ = {isa = PBXBuildFile; fileRef = 885D12632C81417D005D934C /* DefaultCityWeatherViewModel.swift */; };
		885D12662C814237005D934C /* CityWeatherViewController.swift in Sources */ = {isa = PBXBuildFile; fileRef = 885D12652C814237005D934C /* CityWeatherViewController.swift */; };
		885D12682C814245005D934C /* CityWeatherViewController+ContentView.swift in Sources */ = {isa = PBXBuildFile; fileRef = 885D12672C814245005D934C /* CityWeatherViewController+ContentView.swift */; };
		885D126A2C81F24C005D934C /* CityWeatherDTO.swift in Sources */ = {isa = PBXBuildFile; fileRef = 885D12692C81F24C005D934C /* CityWeatherDTO.swift */; };
		885D126E2C821258005D934C /* Locale+LanguageCode.swift in Sources */ = {isa = PBXBuildFile; fileRef = 885D126D2C821258005D934C /* Locale+LanguageCode.swift */; };
		885D12702C82181A005D934C /* CurrentWeatherDTO.swift in Sources */ = {isa = PBXBuildFile; fileRef = 885D126F2C82181A005D934C /* CurrentWeatherDTO.swift */; };
		885D12722C821840005D934C /* AlertDTO.swift in Sources */ = {isa = PBXBuildFile; fileRef = 885D12712C821840005D934C /* AlertDTO.swift */; };
		885D12742C8219C1005D934C /* WeatherDescriptionDTO.swift in Sources */ = {isa = PBXBuildFile; fileRef = 885D12732C8219C1005D934C /* WeatherDescriptionDTO.swift */; };
		885D12762C8221B1005D934C /* CityWeather.swift in Sources */ = {isa = PBXBuildFile; fileRef = 885D12752C8221B1005D934C /* CityWeather.swift */; };
		885D12782C82221E005D934C /* WeatherAlert.swift in Sources */ = {isa = PBXBuildFile; fileRef = 885D12772C82221E005D934C /* WeatherAlert.swift */; };
		885D127C2C824F75005D934C /* WeatherApp.xcdatamodeld in Sources */ = {isa = PBXBuildFile; fileRef = 885D127A2C824F75005D934C /* WeatherApp.xcdatamodeld */; };
		885D12802C8253BF005D934C /* CoreDataService.swift in Sources */ = {isa = PBXBuildFile; fileRef = 885D127F2C8253BF005D934C /* CoreDataService.swift */; };
		885D12822C8253C9005D934C /* DefaultCoreDataService.swift in Sources */ = {isa = PBXBuildFile; fileRef = 885D12812C8253C9005D934C /* DefaultCoreDataService.swift */; };
		885D12862C826EF9005D934C /* TemperatureLabel.swift in Sources */ = {isa = PBXBuildFile; fileRef = 885D12852C826EF9005D934C /* TemperatureLabel.swift */; };
		88CD3DE82C7BD65A0016224D /* AppDelegate.swift in Sources */ = {isa = PBXBuildFile; fileRef = 88CD3DE72C7BD65A0016224D /* AppDelegate.swift */; };
		88CD3DEA2C7BD65A0016224D /* SceneDelegate.swift in Sources */ = {isa = PBXBuildFile; fileRef = 88CD3DE92C7BD65A0016224D /* SceneDelegate.swift */; };
		88CD3DF12C7BD65B0016224D /* Assets.xcassets in Resources */ = {isa = PBXBuildFile; fileRef = 88CD3DF02C7BD65B0016224D /* Assets.xcassets */; };
		88CD3DFF2C7BD65B0016224D /* WeatherAppTests.swift in Sources */ = {isa = PBXBuildFile; fileRef = 88CD3DFE2C7BD65B0016224D /* WeatherAppTests.swift */; };
		88D83E752C7D26FF002A2BE9 /* Localizable.strings in Resources */ = {isa = PBXBuildFile; fileRef = 88D83E732C7D26FF002A2BE9 /* Localizable.strings */; };
		88D83E7B2C7D2786002A2BE9 /* String+Localizable.swift in Sources */ = {isa = PBXBuildFile; fileRef = 88D83E7A2C7D2786002A2BE9 /* String+Localizable.swift */; };
		88D83E862C7D3507002A2BE9 /* SearchCityViewController.swift in Sources */ = {isa = PBXBuildFile; fileRef = 88D83E852C7D3507002A2BE9 /* SearchCityViewController.swift */; };
		88D83E882C7D3515002A2BE9 /* SearchCityViewController+ContentView.swift in Sources */ = {isa = PBXBuildFile; fileRef = 88D83E872C7D3515002A2BE9 /* SearchCityViewController+ContentView.swift */; };
		88D83E8A2C7D367F002A2BE9 /* SearchCityScreen.swift in Sources */ = {isa = PBXBuildFile; fileRef = 88D83E892C7D367F002A2BE9 /* SearchCityScreen.swift */; };
/* End PBXBuildFile section */

/* Begin PBXContainerItemProxy section */
		88CD3DFB2C7BD65B0016224D /* PBXContainerItemProxy */ = {
			isa = PBXContainerItemProxy;
			containerPortal = 88CD3DDC2C7BD65A0016224D /* Project object */;
			proxyType = 1;
			remoteGlobalIDString = 88CD3DE32C7BD65A0016224D;
			remoteInfo = WeatherApp;
		};
/* End PBXContainerItemProxy section */

/* Begin PBXCopyFilesBuildPhase section */
		88D83EA12C7D38E7002A2BE9 /* Embed Frameworks */ = {
			isa = PBXCopyFilesBuildPhase;
			buildActionMask = 2147483647;
			dstPath = "";
			dstSubfolderSpec = 10;
			files = (
			);
			name = "Embed Frameworks";
			runOnlyForDeploymentPostprocessing = 0;
		};
/* End PBXCopyFilesBuildPhase section */

/* Begin PBXFileReference section */
		885D121D2C7FAF49005D934C /* String+Regex.swift */ = {isa = PBXFileReference; lastKnownFileType = sourcecode.swift; path = "String+Regex.swift"; sourceTree = "<group>"; };
		885D12222C7FC9C4005D934C /* SearchRegexTests.swift */ = {isa = PBXFileReference; lastKnownFileType = sourcecode.swift; path = SearchRegexTests.swift; sourceTree = "<group>"; };
		885D122A2C7FE73E005D934C /* ConfigTemplate.plist */ = {isa = PBXFileReference; lastKnownFileType = text.plist.xml; path = ConfigTemplate.plist; sourceTree = "<group>"; };
		885D122C2C7FE7E6005D934C /* Config.plist */ = {isa = PBXFileReference; lastKnownFileType = text.plist.xml; path = Config.plist; sourceTree = "<group>"; };
		885D122F2C7FE88E005D934C /* CityDTO.swift */ = {isa = PBXFileReference; fileEncoding = 4; lastKnownFileType = sourcecode.swift; path = CityDTO.swift; sourceTree = "<group>"; };
		885D12342C80BF4A005D934C /* APIService.swift */ = {isa = PBXFileReference; lastKnownFileType = sourcecode.swift; path = APIService.swift; sourceTree = "<group>"; };
		885D12362C80BF51005D934C /* DefaultAPIService.swift */ = {isa = PBXFileReference; lastKnownFileType = sourcecode.swift; path = DefaultAPIService.swift; sourceTree = "<group>"; };
		885D12392C80DDBE005D934C /* ConfigKeys.swift */ = {isa = PBXFileReference; lastKnownFileType = sourcecode.swift; path = ConfigKeys.swift; sourceTree = "<group>"; };
		885D123C2C80EFD4005D934C /* City.swift */ = {isa = PBXFileReference; lastKnownFileType = sourcecode.swift; path = City.swift; sourceTree = "<group>"; };
		885D123E2C80EFEC005D934C /* DtoToDomainMapper.swift */ = {isa = PBXFileReference; lastKnownFileType = sourcecode.swift; path = DtoToDomainMapper.swift; sourceTree = "<group>"; };
		885D12472C810489005D934C /* SearchCityModel.swift */ = {isa = PBXFileReference; lastKnownFileType = sourcecode.swift; path = SearchCityModel.swift; sourceTree = "<group>"; };
		885D12492C810492005D934C /* DefaultSearchCityModel.swift */ = {isa = PBXFileReference; lastKnownFileType = sourcecode.swift; path = DefaultSearchCityModel.swift; sourceTree = "<group>"; };
		885D124B2C8105D6005D934C /* SearchCityViewModel.swift */ = {isa = PBXFileReference; lastKnownFileType = sourcecode.swift; path = SearchCityViewModel.swift; sourceTree = "<group>"; };
		885D124D2C8105DF005D934C /* DefaultSearchCityViewModel.swift */ = {isa = PBXFileReference; lastKnownFileType = sourcecode.swift; path = DefaultSearchCityViewModel.swift; sourceTree = "<group>"; };
		885D12532C813712005D934C /* SearchCityRouter.swift */ = {isa = PBXFileReference; lastKnownFileType = sourcecode.swift; path = SearchCityRouter.swift; sourceTree = "<group>"; };
		885D12552C81371B005D934C /* DefaultSearchCityRouter.swift */ = {isa = PBXFileReference; lastKnownFileType = sourcecode.swift; path = DefaultSearchCityRouter.swift; sourceTree = "<group>"; };
		885D125B2C813DCB005D934C /* CityWeatherScreen.swift */ = {isa = PBXFileReference; lastKnownFileType = sourcecode.swift; path = CityWeatherScreen.swift; sourceTree = "<group>"; };
		885D125D2C813EB4005D934C /* CityWeatherModel.swift */ = {isa = PBXFileReference; lastKnownFileType = sourcecode.swift; path = CityWeatherModel.swift; sourceTree = "<group>"; };
		885D125F2C81414E005D934C /* DefaultCityWeatherModel.swift */ = {isa = PBXFileReference; lastKnownFileType = sourcecode.swift; path = DefaultCityWeatherModel.swift; sourceTree = "<group>"; };
		885D12612C814169005D934C /* CityWeatherViewModel.swift */ = {isa = PBXFileReference; lastKnownFileType = sourcecode.swift; path = CityWeatherViewModel.swift; sourceTree = "<group>"; };
		885D12632C81417D005D934C /* DefaultCityWeatherViewModel.swift */ = {isa = PBXFileReference; lastKnownFileType = sourcecode.swift; path = DefaultCityWeatherViewModel.swift; sourceTree = "<group>"; };
		885D12652C814237005D934C /* CityWeatherViewController.swift */ = {isa = PBXFileReference; lastKnownFileType = sourcecode.swift; path = CityWeatherViewController.swift; sourceTree = "<group>"; };
		885D12672C814245005D934C /* CityWeatherViewController+ContentView.swift */ = {isa = PBXFileReference; lastKnownFileType = sourcecode.swift; path = "CityWeatherViewController+ContentView.swift"; sourceTree = "<group>"; };
		885D12692C81F24C005D934C /* CityWeatherDTO.swift */ = {isa = PBXFileReference; lastKnownFileType = sourcecode.swift; path = CityWeatherDTO.swift; sourceTree = "<group>"; };
		885D126D2C821258005D934C /* Locale+LanguageCode.swift */ = {isa = PBXFileReference; lastKnownFileType = sourcecode.swift; path = "Locale+LanguageCode.swift"; sourceTree = "<group>"; };
		885D126F2C82181A005D934C /* CurrentWeatherDTO.swift */ = {isa = PBXFileReference; lastKnownFileType = sourcecode.swift; path = CurrentWeatherDTO.swift; sourceTree = "<group>"; };
		885D12712C821840005D934C /* AlertDTO.swift */ = {isa = PBXFileReference; lastKnownFileType = sourcecode.swift; path = AlertDTO.swift; sourceTree = "<group>"; };
		885D12732C8219C1005D934C /* WeatherDescriptionDTO.swift */ = {isa = PBXFileReference; lastKnownFileType = sourcecode.swift; path = WeatherDescriptionDTO.swift; sourceTree = "<group>"; };
		885D12752C8221B1005D934C /* CityWeather.swift */ = {isa = PBXFileReference; lastKnownFileType = sourcecode.swift; path = CityWeather.swift; sourceTree = "<group>"; };
		885D12772C82221E005D934C /* WeatherAlert.swift */ = {isa = PBXFileReference; lastKnownFileType = sourcecode.swift; path = WeatherAlert.swift; sourceTree = "<group>"; };
		885D127B2C824F75005D934C /* WeatherApp.xcdatamodel */ = {isa = PBXFileReference; lastKnownFileType = wrapper.xcdatamodel; path = WeatherApp.xcdatamodel; sourceTree = "<group>"; };
		885D127F2C8253BF005D934C /* CoreDataService.swift */ = {isa = PBXFileReference; lastKnownFileType = sourcecode.swift; path = CoreDataService.swift; sourceTree = "<group>"; };
		885D12812C8253C9005D934C /* DefaultCoreDataService.swift */ = {isa = PBXFileReference; lastKnownFileType = sourcecode.swift; path = DefaultCoreDataService.swift; sourceTree = "<group>"; };
		885D12852C826EF9005D934C /* TemperatureLabel.swift */ = {isa = PBXFileReference; lastKnownFileType = sourcecode.swift; path = TemperatureLabel.swift; sourceTree = "<group>"; };
		88CD3DE42C7BD65A0016224D /* WeatherApp.app */ = {isa = PBXFileReference; explicitFileType = wrapper.application; includeInIndex = 0; path = WeatherApp.app; sourceTree = BUILT_PRODUCTS_DIR; };
		88CD3DE72C7BD65A0016224D /* AppDelegate.swift */ = {isa = PBXFileReference; lastKnownFileType = sourcecode.swift; path = AppDelegate.swift; sourceTree = "<group>"; };
		88CD3DE92C7BD65A0016224D /* SceneDelegate.swift */ = {isa = PBXFileReference; lastKnownFileType = sourcecode.swift; path = SceneDelegate.swift; sourceTree = "<group>"; };
		88CD3DF02C7BD65B0016224D /* Assets.xcassets */ = {isa = PBXFileReference; lastKnownFileType = folder.assetcatalog; path = Assets.xcassets; sourceTree = "<group>"; };
		88CD3DFA2C7BD65B0016224D /* WeatherAppTests.xctest */ = {isa = PBXFileReference; explicitFileType = wrapper.cfbundle; includeInIndex = 0; path = WeatherAppTests.xctest; sourceTree = BUILT_PRODUCTS_DIR; };
		88CD3DFE2C7BD65B0016224D /* WeatherAppTests.swift */ = {isa = PBXFileReference; lastKnownFileType = sourcecode.swift; path = WeatherAppTests.swift; sourceTree = "<group>"; };
		88CD3E1F2C7BE0320016224D /* Base */ = {isa = PBXFileReference; lastKnownFileType = file.storyboard; name = Base; path = Base.lproj/LaunchScreen.storyboard; sourceTree = "<group>"; };
		88CD3E212C7BE03A0016224D /* en */ = {isa = PBXFileReference; lastKnownFileType = text.plist.strings; name = en; path = en.lproj/LaunchScreen.strings; sourceTree = "<group>"; };
		88CD3E222C7BE0440016224D /* pl */ = {isa = PBXFileReference; lastKnownFileType = text.plist.strings; name = pl; path = pl.lproj/LaunchScreen.strings; sourceTree = "<group>"; };
		88CD3E2A2C7BE09D0016224D /* Info.plist */ = {isa = PBXFileReference; lastKnownFileType = text.plist.xml; path = Info.plist; sourceTree = "<group>"; };
		88D83E742C7D26FF002A2BE9 /* en */ = {isa = PBXFileReference; lastKnownFileType = text.plist.strings; name = en; path = en.lproj/Localizable.strings; sourceTree = "<group>"; };
		88D83E762C7D2701002A2BE9 /* pl */ = {isa = PBXFileReference; lastKnownFileType = text.plist.strings; name = pl; path = pl.lproj/Localizable.strings; sourceTree = "<group>"; };
		88D83E7A2C7D2786002A2BE9 /* String+Localizable.swift */ = {isa = PBXFileReference; lastKnownFileType = sourcecode.swift; path = "String+Localizable.swift"; sourceTree = "<group>"; };
		88D83E852C7D3507002A2BE9 /* SearchCityViewController.swift */ = {isa = PBXFileReference; lastKnownFileType = sourcecode.swift; path = SearchCityViewController.swift; sourceTree = "<group>"; };
		88D83E872C7D3515002A2BE9 /* SearchCityViewController+ContentView.swift */ = {isa = PBXFileReference; lastKnownFileType = sourcecode.swift; path = "SearchCityViewController+ContentView.swift"; sourceTree = "<group>"; };
		88D83E892C7D367F002A2BE9 /* SearchCityScreen.swift */ = {isa = PBXFileReference; lastKnownFileType = sourcecode.swift; path = SearchCityScreen.swift; sourceTree = "<group>"; };
		88D83E8C2C7D36B4002A2BE9 /* AppFlow.swift */ = {isa = PBXFileReference; lastKnownFileType = sourcecode.swift; path = AppFlow.swift; sourceTree = "<group>"; };
		88D83E8F2C7D3836002A2BE9 /* AppCoordinator.swift */ = {isa = PBXFileReference; lastKnownFileType = sourcecode.swift; path = AppCoordinator.swift; sourceTree = "<group>"; };
/* End PBXFileReference section */

/* Begin PBXFrameworksBuildPhase section */
		88CD3DE12C7BD65A0016224D /* Frameworks */ = {
			isa = PBXFrameworksBuildPhase;
			buildActionMask = 2147483647;
			files = (
			);
			runOnlyForDeploymentPostprocessing = 0;
		};
		88CD3DF72C7BD65B0016224D /* Frameworks */ = {
			isa = PBXFrameworksBuildPhase;
			buildActionMask = 2147483647;
			files = (
			);
			runOnlyForDeploymentPostprocessing = 0;
		};
/* End PBXFrameworksBuildPhase section */

/* Begin PBXGroup section */
		885D12302C7FE88E005D934C /* DTOs */ = {
			isa = PBXGroup;
			children = (
				885D12712C821840005D934C /* AlertDTO.swift */,
				885D122F2C7FE88E005D934C /* CityDTO.swift */,
				885D12692C81F24C005D934C /* CityWeatherDTO.swift */,
				885D126F2C82181A005D934C /* CurrentWeatherDTO.swift */,
				885D12732C8219C1005D934C /* WeatherDescriptionDTO.swift */,
			);
			path = DTOs;
			sourceTree = "<group>";
		};
		885D12312C7FE88E005D934C /* REST */ = {
			isa = PBXGroup;
			children = (
				885D12302C7FE88E005D934C /* DTOs */,
			);
			path = REST;
			sourceTree = "<group>";
		};
		885D12332C80BF31005D934C /* Services */ = {
			isa = PBXGroup;
			children = (
				885D127D2C8253AA005D934C /* APIService */,
				885D127E2C8253B3005D934C /* CoreData */,
			);
			path = Services;
			sourceTree = "<group>";
		};
		885D12382C80DD8B005D934C /* Utilities */ = {
			isa = PBXGroup;
			children = (
				885D12392C80DDBE005D934C /* ConfigKeys.swift */,
				885D123E2C80EFEC005D934C /* DtoToDomainMapper.swift */,
				885D12852C826EF9005D934C /* TemperatureLabel.swift */,
			);
			path = Utilities;
			sourceTree = "<group>";
		};
		885D123B2C80EFC7005D934C /* DomainModels */ = {
			isa = PBXGroup;
			children = (
				885D123C2C80EFD4005D934C /* City.swift */,
				885D12752C8221B1005D934C /* CityWeather.swift */,
				885D12772C82221E005D934C /* WeatherAlert.swift */,
			);
			path = DomainModels;
			sourceTree = "<group>";
		};
		885D12572C813DA6005D934C /* CityWeather */ = {
			isa = PBXGroup;
			children = (
				885D125B2C813DCB005D934C /* CityWeatherScreen.swift */,
				885D125A2C813DC0005D934C /* Model */,
				885D12592C813DB4005D934C /* ViewModel */,
				885D12582C813DB0005D934C /* View */,
			);
			path = CityWeather;
			sourceTree = "<group>";
		};
		885D12582C813DB0005D934C /* View */ = {
			isa = PBXGroup;
			children = (
				885D12652C814237005D934C /* CityWeatherViewController.swift */,
				885D12672C814245005D934C /* CityWeatherViewController+ContentView.swift */,
			);
			path = View;
			sourceTree = "<group>";
		};
		885D12592C813DB4005D934C /* ViewModel */ = {
			isa = PBXGroup;
			children = (
				885D12612C814169005D934C /* CityWeatherViewModel.swift */,
				885D12632C81417D005D934C /* DefaultCityWeatherViewModel.swift */,
			);
			path = ViewModel;
			sourceTree = "<group>";
		};
		885D125A2C813DC0005D934C /* Model */ = {
			isa = PBXGroup;
			children = (
				885D125D2C813EB4005D934C /* CityWeatherModel.swift */,
				885D125F2C81414E005D934C /* DefaultCityWeatherModel.swift */,
			);
			path = Model;
			sourceTree = "<group>";
		};
		885D12792C824F5B005D934C /* CoreData */ = {
			isa = PBXGroup;
			children = (
				885D127A2C824F75005D934C /* WeatherApp.xcdatamodeld */,
			);
			path = CoreData;
			sourceTree = "<group>";
		};
		885D127D2C8253AA005D934C /* APIService */ = {
			isa = PBXGroup;
			children = (
				885D12342C80BF4A005D934C /* APIService.swift */,
				885D12362C80BF51005D934C /* DefaultAPIService.swift */,
			);
			path = APIService;
			sourceTree = "<group>";
		};
		885D127E2C8253B3005D934C /* CoreData */ = {
			isa = PBXGroup;
			children = (
				885D127F2C8253BF005D934C /* CoreDataService.swift */,
				885D12812C8253C9005D934C /* DefaultCoreDataService.swift */,
			);
			path = CoreData;
			sourceTree = "<group>";
		};
		88CD3DDB2C7BD65A0016224D = {
			isa = PBXGroup;
			children = (
				88CD3DE62C7BD65A0016224D /* WeatherApp */,
				88CD3DFD2C7BD65B0016224D /* WeatherAppTests */,
				88CD3DE52C7BD65A0016224D /* Products */,
			);
			sourceTree = "<group>";
		};
		88CD3DE52C7BD65A0016224D /* Products */ = {
			isa = PBXGroup;
			children = (
				88CD3DE42C7BD65A0016224D /* WeatherApp.app */,
				88CD3DFA2C7BD65B0016224D /* WeatherAppTests.xctest */,
			);
			name = Products;
			sourceTree = "<group>";
		};
		88CD3DE62C7BD65A0016224D /* WeatherApp */ = {
			isa = PBXGroup;
			children = (
				88CD3DE72C7BD65A0016224D /* AppDelegate.swift */,
				88D83E8F2C7D3836002A2BE9 /* AppCoordinator.swift */,
				88D83E8C2C7D36B4002A2BE9 /* AppFlow.swift */,
				88CD3DE92C7BD65A0016224D /* SceneDelegate.swift */,
				885D12792C824F5B005D934C /* CoreData */,
				885D123B2C80EFC7005D934C /* DomainModels */,
				88D83E782C7D2760002A2BE9 /* Extensions */,
				88D83E7C2C7D280F002A2BE9 /* Resources */,
				885D12312C7FE88E005D934C /* REST */,
				88D83E802C7D31BD002A2BE9 /* Scenes */,
				885D12332C80BF31005D934C /* Services */,
				88CD3E192C7BD8F80016224D /* Supporting Files */,
				885D12382C80DD8B005D934C /* Utilities */,
			);
			path = WeatherApp;
			sourceTree = "<group>";
		};
		88CD3DFD2C7BD65B0016224D /* WeatherAppTests */ = {
			isa = PBXGroup;
			children = (
				88CD3DFE2C7BD65B0016224D /* WeatherAppTests.swift */,
				885D12222C7FC9C4005D934C /* SearchRegexTests.swift */,
			);
			path = WeatherAppTests;
			sourceTree = "<group>";
		};
		88CD3E192C7BD8F80016224D /* Supporting Files */ = {
			isa = PBXGroup;
			children = (
				88CD3E2A2C7BE09D0016224D /* Info.plist */,
				885D122C2C7FE7E6005D934C /* Config.plist */,
				885D122A2C7FE73E005D934C /* ConfigTemplate.plist */,
			);
			name = "Supporting Files";
			sourceTree = "<group>";
		};
		88D83E782C7D2760002A2BE9 /* Extensions */ = {
			isa = PBXGroup;
			children = (
				88D83E7A2C7D2786002A2BE9 /* String+Localizable.swift */,
				885D121D2C7FAF49005D934C /* String+Regex.swift */,
				885D126D2C821258005D934C /* Locale+LanguageCode.swift */,
			);
			path = Extensions;
			sourceTree = "<group>";
		};
		88D83E7C2C7D280F002A2BE9 /* Resources */ = {
			isa = PBXGroup;
			children = (
				88CD3DF02C7BD65B0016224D /* Assets.xcassets */,
				88CD3DF22C7BD65B0016224D /* LaunchScreen.storyboard */,
				88D83E732C7D26FF002A2BE9 /* Localizable.strings */,
			);
			name = Resources;
			sourceTree = "<group>";
		};
		88D83E802C7D31BD002A2BE9 /* Scenes */ = {
			isa = PBXGroup;
			children = (
				885D12572C813DA6005D934C /* CityWeather */,
				88D83E812C7D31F1002A2BE9 /* SearchCity */,
			);
			path = Scenes;
			sourceTree = "<group>";
		};
		88D83E812C7D31F1002A2BE9 /* SearchCity */ = {
			isa = PBXGroup;
			children = (
				88D83E892C7D367F002A2BE9 /* SearchCityScreen.swift */,
				88D83E822C7D31F7002A2BE9 /* Model */,
				88D83E8B2C7D368A002A2BE9 /* Router */,
				88D83E832C7D31FD002A2BE9 /* ViewModel */,
				88D83E842C7D3209002A2BE9 /* View */,
			);
			path = SearchCity;
			sourceTree = "<group>";
		};
		88D83E822C7D31F7002A2BE9 /* Model */ = {
			isa = PBXGroup;
			children = (
				885D12492C810492005D934C /* DefaultSearchCityModel.swift */,
				885D12472C810489005D934C /* SearchCityModel.swift */,
			);
			path = Model;
			sourceTree = "<group>";
		};
		88D83E832C7D31FD002A2BE9 /* ViewModel */ = {
			isa = PBXGroup;
			children = (
				885D124D2C8105DF005D934C /* DefaultSearchCityViewModel.swift */,
				885D124B2C8105D6005D934C /* SearchCityViewModel.swift */,
			);
			path = ViewModel;
			sourceTree = "<group>";
		};
		88D83E842C7D3209002A2BE9 /* View */ = {
			isa = PBXGroup;
			children = (
				88D83E852C7D3507002A2BE9 /* SearchCityViewController.swift */,
				88D83E872C7D3515002A2BE9 /* SearchCityViewController+ContentView.swift */,
			);
			path = View;
			sourceTree = "<group>";
		};
		88D83E8B2C7D368A002A2BE9 /* Router */ = {
			isa = PBXGroup;
			children = (
				885D12552C81371B005D934C /* DefaultSearchCityRouter.swift */,
				885D12532C813712005D934C /* SearchCityRouter.swift */,
			);
			path = Router;
			sourceTree = "<group>";
		};
/* End PBXGroup section */

/* Begin PBXNativeTarget section */
		88CD3DE32C7BD65A0016224D /* WeatherApp */ = {
			isa = PBXNativeTarget;
			buildConfigurationList = 88CD3E0E2C7BD65B0016224D /* Build configuration list for PBXNativeTarget "WeatherApp" */;
			buildPhases = (
				88CD3DE02C7BD65A0016224D /* Sources */,
				88CD3DE12C7BD65A0016224D /* Frameworks */,
				88CD3DE22C7BD65A0016224D /* Resources */,
				88D83EA12C7D38E7002A2BE9 /* Embed Frameworks */,
			);
			buildRules = (
			);
			dependencies = (
			);
			name = WeatherApp;
			productName = WeatherApp;
			productReference = 88CD3DE42C7BD65A0016224D /* WeatherApp.app */;
			productType = "com.apple.product-type.application";
		};
		88CD3DF92C7BD65B0016224D /* WeatherAppTests */ = {
			isa = PBXNativeTarget;
			buildConfigurationList = 88CD3E112C7BD65B0016224D /* Build configuration list for PBXNativeTarget "WeatherAppTests" */;
			buildPhases = (
				88CD3DF62C7BD65B0016224D /* Sources */,
				88CD3DF72C7BD65B0016224D /* Frameworks */,
				88CD3DF82C7BD65B0016224D /* Resources */,
			);
			buildRules = (
			);
			dependencies = (
				88CD3DFC2C7BD65B0016224D /* PBXTargetDependency */,
			);
			name = WeatherAppTests;
			productName = WeatherAppTests;
			productReference = 88CD3DFA2C7BD65B0016224D /* WeatherAppTests.xctest */;
			productType = "com.apple.product-type.bundle.unit-test";
		};
/* End PBXNativeTarget section */

/* Begin PBXProject section */
		88CD3DDC2C7BD65A0016224D /* Project object */ = {
			isa = PBXProject;
			attributes = {
				BuildIndependentTargetsInParallel = 1;
				LastSwiftUpdateCheck = 1540;
				LastUpgradeCheck = 1540;
				ORGANIZATIONNAME = "Nykiel Jakub.";
				TargetAttributes = {
					88CD3DE32C7BD65A0016224D = {
						CreatedOnToolsVersion = 15.4;
					};
					88CD3DF92C7BD65B0016224D = {
						CreatedOnToolsVersion = 15.4;
						TestTargetID = 88CD3DE32C7BD65A0016224D;
					};
				};
			};
			buildConfigurationList = 88CD3DDF2C7BD65A0016224D /* Build configuration list for PBXProject "WeatherApp" */;
			compatibilityVersion = "Xcode 15.0";
			developmentRegion = en;
			hasScannedForEncodings = 0;
			knownRegions = (
				en,
				pl,
				Base,
			);
			mainGroup = 88CD3DDB2C7BD65A0016224D;
			productRefGroup = 88CD3DE52C7BD65A0016224D /* Products */;
			projectDirPath = "";
			projectRoot = "";
			targets = (
				88CD3DE32C7BD65A0016224D /* WeatherApp */,
				88CD3DF92C7BD65B0016224D /* WeatherAppTests */,
			);
		};
/* End PBXProject section */

/* Begin PBXResourcesBuildPhase section */
		88CD3DE22C7BD65A0016224D /* Resources */ = {
			isa = PBXResourcesBuildPhase;
			buildActionMask = 2147483647;
			files = (
				885D122D2C7FE7E6005D934C /* Config.plist in Resources */,
				88CD3DF12C7BD65B0016224D /* Assets.xcassets in Resources */,
				885D122B2C7FE73E005D934C /* ConfigTemplate.plist in Resources */,
				88D83E752C7D26FF002A2BE9 /* Localizable.strings in Resources */,
			);
			runOnlyForDeploymentPostprocessing = 0;
		};
		88CD3DF82C7BD65B0016224D /* Resources */ = {
			isa = PBXResourcesBuildPhase;
			buildActionMask = 2147483647;
			files = (
			);
			runOnlyForDeploymentPostprocessing = 0;
		};
/* End PBXResourcesBuildPhase section */

/* Begin PBXSourcesBuildPhase section */
		88CD3DE02C7BD65A0016224D /* Sources */ = {
			isa = PBXSourcesBuildPhase;
			buildActionMask = 2147483647;
			files = (
				885D127C2C824F75005D934C /* WeatherApp.xcdatamodeld in Sources */,
				885D12702C82181A005D934C /* CurrentWeatherDTO.swift in Sources */,
				885D12482C810489005D934C /* SearchCityModel.swift in Sources */,
				885D126A2C81F24C005D934C /* CityWeatherDTO.swift in Sources */,
				885D125E2C813EB4005D934C /* CityWeatherModel.swift in Sources */,
				885D12622C814169005D934C /* CityWeatherViewModel.swift in Sources */,
				885D125C2C813DCB005D934C /* CityWeatherScreen.swift in Sources */,
				885D126E2C821258005D934C /* Locale+LanguageCode.swift in Sources */,
				885D124C2C8105D6005D934C /* SearchCityViewModel.swift in Sources */,
				885D12722C821840005D934C /* AlertDTO.swift in Sources */,
				885D12322C7FE88E005D934C /* CityDTO.swift in Sources */,
				8851E8E52C7E34ED00044FFE /* AppCoordinator.swift in Sources */,
				885D12762C8221B1005D934C /* CityWeather.swift in Sources */,
				8851E8E62C7E34EF00044FFE /* AppFlow.swift in Sources */,
				885D12542C813712005D934C /* SearchCityRouter.swift in Sources */,
				885D121E2C7FAF49005D934C /* String+Regex.swift in Sources */,
				885D12822C8253C9005D934C /* DefaultCoreDataService.swift in Sources */,
				885D12352C80BF4A005D934C /* APIService.swift in Sources */,
				885D12682C814245005D934C /* CityWeatherViewController+ContentView.swift in Sources */,
				88CD3DE82C7BD65A0016224D /* AppDelegate.swift in Sources */,
				885D124A2C810492005D934C /* DefaultSearchCityModel.swift in Sources */,
				885D123D2C80EFD4005D934C /* City.swift in Sources */,
				885D12372C80BF51005D934C /* DefaultAPIService.swift in Sources */,
				885D124E2C8105DF005D934C /* DefaultSearchCityViewModel.swift in Sources */,
				885D12782C82221E005D934C /* WeatherAlert.swift in Sources */,
				885D12642C81417D005D934C /* DefaultCityWeatherViewModel.swift in Sources */,
				885D12742C8219C1005D934C /* WeatherDescriptionDTO.swift in Sources */,
				88CD3DEA2C7BD65A0016224D /* SceneDelegate.swift in Sources */,
				885D12862C826EF9005D934C /* TemperatureLabel.swift in Sources */,
				885D123F2C80EFEC005D934C /* DtoToDomainMapper.swift in Sources */,
				885D12802C8253BF005D934C /* CoreDataService.swift in Sources */,
				88D83E8A2C7D367F002A2BE9 /* SearchCityScreen.swift in Sources */,
				885D12562C81371B005D934C /* DefaultSearchCityRouter.swift in Sources */,
				885D12662C814237005D934C /* CityWeatherViewController.swift in Sources */,
				88D83E882C7D3515002A2BE9 /* SearchCityViewController+ContentView.swift in Sources */,
				88D83E7B2C7D2786002A2BE9 /* String+Localizable.swift in Sources */,
				88D83E862C7D3507002A2BE9 /* SearchCityViewController.swift in Sources */,
				885D123A2C80DDBF005D934C /* ConfigKeys.swift in Sources */,
				885D12602C81414E005D934C /* DefaultCityWeatherModel.swift in Sources */,
			);
			runOnlyForDeploymentPostprocessing = 0;
		};
		88CD3DF62C7BD65B0016224D /* Sources */ = {
			isa = PBXSourcesBuildPhase;
			buildActionMask = 2147483647;
			files = (
				88CD3DFF2C7BD65B0016224D /* WeatherAppTests.swift in Sources */,
				885D12232C7FC9C4005D934C /* SearchRegexTests.swift in Sources */,
			);
			runOnlyForDeploymentPostprocessing = 0;
		};
/* End PBXSourcesBuildPhase section */

/* Begin PBXTargetDependency section */
		88CD3DFC2C7BD65B0016224D /* PBXTargetDependency */ = {
			isa = PBXTargetDependency;
			target = 88CD3DE32C7BD65A0016224D /* WeatherApp */;
			targetProxy = 88CD3DFB2C7BD65B0016224D /* PBXContainerItemProxy */;
		};
/* End PBXTargetDependency section */

/* Begin PBXVariantGroup section */
		88CD3DF22C7BD65B0016224D /* LaunchScreen.storyboard */ = {
			isa = PBXVariantGroup;
			children = (
				88CD3E1F2C7BE0320016224D /* Base */,
				88CD3E212C7BE03A0016224D /* en */,
				88CD3E222C7BE0440016224D /* pl */,
			);
			name = LaunchScreen.storyboard;
			sourceTree = "<group>";
		};
		88D83E732C7D26FF002A2BE9 /* Localizable.strings */ = {
			isa = PBXVariantGroup;
			children = (
				88D83E742C7D26FF002A2BE9 /* en */,
				88D83E762C7D2701002A2BE9 /* pl */,
			);
			name = Localizable.strings;
			sourceTree = "<group>";
		};
/* End PBXVariantGroup section */

/* Begin XCBuildConfiguration section */
		88CD3E0C2C7BD65B0016224D /* Debug */ = {
			isa = XCBuildConfiguration;
			buildSettings = {
				ALWAYS_SEARCH_USER_PATHS = NO;
				ASSETCATALOG_COMPILER_GENERATE_SWIFT_ASSET_SYMBOL_EXTENSIONS = YES;
				CLANG_ANALYZER_LOCALIZABILITY_NONLOCALIZED = YES;
				CLANG_ANALYZER_NONNULL = YES;
				CLANG_ANALYZER_NUMBER_OBJECT_CONVERSION = YES_AGGRESSIVE;
				CLANG_CXX_LANGUAGE_STANDARD = "gnu++20";
				CLANG_ENABLE_MODULES = YES;
				CLANG_ENABLE_OBJC_ARC = YES;
				CLANG_ENABLE_OBJC_WEAK = YES;
				CLANG_WARN_BLOCK_CAPTURE_AUTORELEASING = YES;
				CLANG_WARN_BOOL_CONVERSION = YES;
				CLANG_WARN_COMMA = YES;
				CLANG_WARN_CONSTANT_CONVERSION = YES;
				CLANG_WARN_DEPRECATED_OBJC_IMPLEMENTATIONS = YES;
				CLANG_WARN_DIRECT_OBJC_ISA_USAGE = YES_ERROR;
				CLANG_WARN_DOCUMENTATION_COMMENTS = YES;
				CLANG_WARN_EMPTY_BODY = YES;
				CLANG_WARN_ENUM_CONVERSION = YES;
				CLANG_WARN_INFINITE_RECURSION = YES;
				CLANG_WARN_INT_CONVERSION = YES;
				CLANG_WARN_NON_LITERAL_NULL_CONVERSION = YES;
				CLANG_WARN_OBJC_IMPLICIT_RETAIN_SELF = YES;
				CLANG_WARN_OBJC_LITERAL_CONVERSION = YES;
				CLANG_WARN_OBJC_ROOT_CLASS = YES_ERROR;
				CLANG_WARN_QUOTED_INCLUDE_IN_FRAMEWORK_HEADER = YES;
				CLANG_WARN_RANGE_LOOP_ANALYSIS = YES;
				CLANG_WARN_STRICT_PROTOTYPES = YES;
				CLANG_WARN_SUSPICIOUS_MOVE = YES;
				CLANG_WARN_UNGUARDED_AVAILABILITY = YES_AGGRESSIVE;
				CLANG_WARN_UNREACHABLE_CODE = YES;
				CLANG_WARN__DUPLICATE_METHOD_MATCH = YES;
				COPY_PHASE_STRIP = NO;
				DEBUG_INFORMATION_FORMAT = dwarf;
				ENABLE_STRICT_OBJC_MSGSEND = YES;
				ENABLE_TESTABILITY = YES;
				ENABLE_USER_SCRIPT_SANDBOXING = YES;
				GCC_C_LANGUAGE_STANDARD = gnu17;
				GCC_DYNAMIC_NO_PIC = NO;
				GCC_NO_COMMON_BLOCKS = YES;
				GCC_OPTIMIZATION_LEVEL = 0;
				GCC_PREPROCESSOR_DEFINITIONS = (
					"DEBUG=1",
					"$(inherited)",
				);
				GCC_WARN_64_TO_32_BIT_CONVERSION = YES;
				GCC_WARN_ABOUT_RETURN_TYPE = YES_ERROR;
				GCC_WARN_UNDECLARED_SELECTOR = YES;
				GCC_WARN_UNINITIALIZED_AUTOS = YES_AGGRESSIVE;
				GCC_WARN_UNUSED_FUNCTION = YES;
				GCC_WARN_UNUSED_VARIABLE = YES;
				IPHONEOS_DEPLOYMENT_TARGET = 13.0;
				LOCALIZATION_PREFERS_STRING_CATALOGS = YES;
				MTL_ENABLE_DEBUG_INFO = INCLUDE_SOURCE;
				MTL_FAST_MATH = YES;
				ONLY_ACTIVE_ARCH = YES;
				SDKROOT = iphoneos;
				SWIFT_ACTIVE_COMPILATION_CONDITIONS = "DEBUG $(inherited)";
				SWIFT_OPTIMIZATION_LEVEL = "-Onone";
			};
			name = Debug;
		};
		88CD3E0D2C7BD65B0016224D /* Release */ = {
			isa = XCBuildConfiguration;
			buildSettings = {
				ALWAYS_SEARCH_USER_PATHS = NO;
				ASSETCATALOG_COMPILER_GENERATE_SWIFT_ASSET_SYMBOL_EXTENSIONS = YES;
				CLANG_ANALYZER_LOCALIZABILITY_NONLOCALIZED = YES;
				CLANG_ANALYZER_NONNULL = YES;
				CLANG_ANALYZER_NUMBER_OBJECT_CONVERSION = YES_AGGRESSIVE;
				CLANG_CXX_LANGUAGE_STANDARD = "gnu++20";
				CLANG_ENABLE_MODULES = YES;
				CLANG_ENABLE_OBJC_ARC = YES;
				CLANG_ENABLE_OBJC_WEAK = YES;
				CLANG_WARN_BLOCK_CAPTURE_AUTORELEASING = YES;
				CLANG_WARN_BOOL_CONVERSION = YES;
				CLANG_WARN_COMMA = YES;
				CLANG_WARN_CONSTANT_CONVERSION = YES;
				CLANG_WARN_DEPRECATED_OBJC_IMPLEMENTATIONS = YES;
				CLANG_WARN_DIRECT_OBJC_ISA_USAGE = YES_ERROR;
				CLANG_WARN_DOCUMENTATION_COMMENTS = YES;
				CLANG_WARN_EMPTY_BODY = YES;
				CLANG_WARN_ENUM_CONVERSION = YES;
				CLANG_WARN_INFINITE_RECURSION = YES;
				CLANG_WARN_INT_CONVERSION = YES;
				CLANG_WARN_NON_LITERAL_NULL_CONVERSION = YES;
				CLANG_WARN_OBJC_IMPLICIT_RETAIN_SELF = YES;
				CLANG_WARN_OBJC_LITERAL_CONVERSION = YES;
				CLANG_WARN_OBJC_ROOT_CLASS = YES_ERROR;
				CLANG_WARN_QUOTED_INCLUDE_IN_FRAMEWORK_HEADER = YES;
				CLANG_WARN_RANGE_LOOP_ANALYSIS = YES;
				CLANG_WARN_STRICT_PROTOTYPES = YES;
				CLANG_WARN_SUSPICIOUS_MOVE = YES;
				CLANG_WARN_UNGUARDED_AVAILABILITY = YES_AGGRESSIVE;
				CLANG_WARN_UNREACHABLE_CODE = YES;
				CLANG_WARN__DUPLICATE_METHOD_MATCH = YES;
				COPY_PHASE_STRIP = NO;
				DEBUG_INFORMATION_FORMAT = "dwarf-with-dsym";
				ENABLE_NS_ASSERTIONS = NO;
				ENABLE_STRICT_OBJC_MSGSEND = YES;
				ENABLE_USER_SCRIPT_SANDBOXING = YES;
				GCC_C_LANGUAGE_STANDARD = gnu17;
				GCC_NO_COMMON_BLOCKS = YES;
				GCC_WARN_64_TO_32_BIT_CONVERSION = YES;
				GCC_WARN_ABOUT_RETURN_TYPE = YES_ERROR;
				GCC_WARN_UNDECLARED_SELECTOR = YES;
				GCC_WARN_UNINITIALIZED_AUTOS = YES_AGGRESSIVE;
				GCC_WARN_UNUSED_FUNCTION = YES;
				GCC_WARN_UNUSED_VARIABLE = YES;
				IPHONEOS_DEPLOYMENT_TARGET = 13.0;
				LOCALIZATION_PREFERS_STRING_CATALOGS = YES;
				MTL_ENABLE_DEBUG_INFO = NO;
				MTL_FAST_MATH = YES;
				SDKROOT = iphoneos;
				SWIFT_COMPILATION_MODE = wholemodule;
				VALIDATE_PRODUCT = YES;
			};
			name = Release;
		};
		88CD3E0F2C7BD65B0016224D /* Debug */ = {
			isa = XCBuildConfiguration;
			buildSettings = {
				ASSETCATALOG_COMPILER_APPICON_NAME = AppIcon;
				ASSETCATALOG_COMPILER_GLOBAL_ACCENT_COLOR_NAME = AccentColor;
				CODE_SIGN_STYLE = Automatic;
				CURRENT_PROJECT_VERSION = 1;
				DEVELOPMENT_TEAM = KBPQMY66ZY;
				GENERATE_INFOPLIST_FILE = YES;
				INFOPLIST_FILE = WeatherApp/Info.plist;
				INFOPLIST_KEY_CFBundleDisplayName = "Weather App";
				INFOPLIST_KEY_UIApplicationSupportsIndirectInputEvents = YES;
				INFOPLIST_KEY_UILaunchStoryboardName = LaunchScreen;
				INFOPLIST_KEY_UIMainStoryboardFile = "";
				INFOPLIST_KEY_UISupportedInterfaceOrientations = UIInterfaceOrientationPortrait;
				INFOPLIST_KEY_UIUserInterfaceStyle = Light;
				IPHONEOS_DEPLOYMENT_TARGET = 13.0;
				LD_RUNPATH_SEARCH_PATHS = (
					"$(inherited)",
					"@executable_path/Frameworks",
				);
				MARKETING_VERSION = 1.0;
				PRODUCT_BUNDLE_IDENTIFIER = nykiel.jakub.WeatherApp;
				PRODUCT_NAME = "$(TARGET_NAME)";
				SUPPORTED_PLATFORMS = "iphoneos iphonesimulator";
				SUPPORTS_MACCATALYST = NO;
				SUPPORTS_XR_DESIGNED_FOR_IPHONE_IPAD = NO;
				SWIFT_EMIT_LOC_STRINGS = YES;
				SWIFT_VERSION = 5.0;
				TARGETED_DEVICE_FAMILY = "1,2";
			};
			name = Debug;
		};
		88CD3E102C7BD65B0016224D /* Release */ = {
			isa = XCBuildConfiguration;
			buildSettings = {
				ASSETCATALOG_COMPILER_APPICON_NAME = AppIcon;
				ASSETCATALOG_COMPILER_GLOBAL_ACCENT_COLOR_NAME = AccentColor;
				CODE_SIGN_STYLE = Automatic;
				CURRENT_PROJECT_VERSION = 1;
				DEVELOPMENT_TEAM = KBPQMY66ZY;
				GENERATE_INFOPLIST_FILE = YES;
				INFOPLIST_FILE = WeatherApp/Info.plist;
				INFOPLIST_KEY_CFBundleDisplayName = "Weather App";
				INFOPLIST_KEY_UIApplicationSupportsIndirectInputEvents = YES;
				INFOPLIST_KEY_UILaunchStoryboardName = LaunchScreen;
				INFOPLIST_KEY_UIMainStoryboardFile = "";
				INFOPLIST_KEY_UISupportedInterfaceOrientations = UIInterfaceOrientationPortrait;
				INFOPLIST_KEY_UIUserInterfaceStyle = Light;
				IPHONEOS_DEPLOYMENT_TARGET = 13.0;
				LD_RUNPATH_SEARCH_PATHS = (
					"$(inherited)",
					"@executable_path/Frameworks",
				);
				MARKETING_VERSION = 1.0;
				PRODUCT_BUNDLE_IDENTIFIER = nykiel.jakub.WeatherApp;
				PRODUCT_NAME = "$(TARGET_NAME)";
				SUPPORTED_PLATFORMS = "iphoneos iphonesimulator";
				SUPPORTS_MACCATALYST = NO;
				SUPPORTS_XR_DESIGNED_FOR_IPHONE_IPAD = NO;
				SWIFT_EMIT_LOC_STRINGS = YES;
				SWIFT_VERSION = 5.0;
				TARGETED_DEVICE_FAMILY = "1,2";
			};
			name = Release;
		};
		88CD3E122C7BD65B0016224D /* Debug */ = {
			isa = XCBuildConfiguration;
			buildSettings = {
				ALWAYS_EMBED_SWIFT_STANDARD_LIBRARIES = YES;
				BUNDLE_LOADER = "$(TEST_HOST)";
				CODE_SIGN_STYLE = Automatic;
				CURRENT_PROJECT_VERSION = 1;
				DEVELOPMENT_TEAM = KBPQMY66ZY;
				GENERATE_INFOPLIST_FILE = YES;
				IPHONEOS_DEPLOYMENT_TARGET = 13.0;
				MARKETING_VERSION = 1.0;
				PRODUCT_BUNDLE_IDENTIFIER = nykiel.jakub.WeatherAppTests;
				PRODUCT_NAME = "$(TARGET_NAME)";
				SUPPORTED_PLATFORMS = "iphoneos iphonesimulator";
				SUPPORTS_MACCATALYST = NO;
				SUPPORTS_XR_DESIGNED_FOR_IPHONE_IPAD = NO;
				SWIFT_EMIT_LOC_STRINGS = NO;
				SWIFT_VERSION = 5.0;
				TARGETED_DEVICE_FAMILY = "1,2";
				TEST_HOST = "$(BUILT_PRODUCTS_DIR)/WeatherApp.app/$(BUNDLE_EXECUTABLE_FOLDER_PATH)/WeatherApp";
			};
			name = Debug;
		};
		88CD3E132C7BD65B0016224D /* Release */ = {
			isa = XCBuildConfiguration;
			buildSettings = {
				ALWAYS_EMBED_SWIFT_STANDARD_LIBRARIES = YES;
				BUNDLE_LOADER = "$(TEST_HOST)";
				CODE_SIGN_STYLE = Automatic;
				CURRENT_PROJECT_VERSION = 1;
				DEVELOPMENT_TEAM = KBPQMY66ZY;
				GENERATE_INFOPLIST_FILE = YES;
				IPHONEOS_DEPLOYMENT_TARGET = 13.0;
				MARKETING_VERSION = 1.0;
				PRODUCT_BUNDLE_IDENTIFIER = nykiel.jakub.WeatherAppTests;
				PRODUCT_NAME = "$(TARGET_NAME)";
				SUPPORTED_PLATFORMS = "iphoneos iphonesimulator";
				SUPPORTS_MACCATALYST = NO;
				SUPPORTS_XR_DESIGNED_FOR_IPHONE_IPAD = NO;
				SWIFT_EMIT_LOC_STRINGS = NO;
				SWIFT_VERSION = 5.0;
				TARGETED_DEVICE_FAMILY = "1,2";
				TEST_HOST = "$(BUILT_PRODUCTS_DIR)/WeatherApp.app/$(BUNDLE_EXECUTABLE_FOLDER_PATH)/WeatherApp";
			};
			name = Release;
		};
/* End XCBuildConfiguration section */

/* Begin XCConfigurationList section */
		88CD3DDF2C7BD65A0016224D /* Build configuration list for PBXProject "WeatherApp" */ = {
			isa = XCConfigurationList;
			buildConfigurations = (
				88CD3E0C2C7BD65B0016224D /* Debug */,
				88CD3E0D2C7BD65B0016224D /* Release */,
			);
			defaultConfigurationIsVisible = 0;
			defaultConfigurationName = Release;
		};
		88CD3E0E2C7BD65B0016224D /* Build configuration list for PBXNativeTarget "WeatherApp" */ = {
			isa = XCConfigurationList;
			buildConfigurations = (
				88CD3E0F2C7BD65B0016224D /* Debug */,
				88CD3E102C7BD65B0016224D /* Release */,
			);
			defaultConfigurationIsVisible = 0;
			defaultConfigurationName = Release;
		};
		88CD3E112C7BD65B0016224D /* Build configuration list for PBXNativeTarget "WeatherAppTests" */ = {
			isa = XCConfigurationList;
			buildConfigurations = (
				88CD3E122C7BD65B0016224D /* Debug */,
				88CD3E132C7BD65B0016224D /* Release */,
			);
			defaultConfigurationIsVisible = 0;
			defaultConfigurationName = Release;
		};
/* End XCConfigurationList section */

/* Begin XCVersionGroup section */
		885D127A2C824F75005D934C /* WeatherApp.xcdatamodeld */ = {
			isa = XCVersionGroup;
			children = (
				885D127B2C824F75005D934C /* WeatherApp.xcdatamodel */,
			);
			currentVersion = 885D127B2C824F75005D934C /* WeatherApp.xcdatamodel */;
			name = WeatherApp.xcdatamodeld;
			path = /Users/kubi/Documents/CV/Empik/WeatherApp/WeatherApp/CoreData/WeatherApp.xcdatamodeld;
			sourceTree = "<group>";
			versionGroupType = wrapper.xcdatamodel;
		};
/* End XCVersionGroup section */
	};
	rootObject = 88CD3DDC2C7BD65A0016224D /* Project object */;
}
